// !$*UTF8*$!
{
	archiveVersion = 1;
	classes = {
	};
	objectVersion = 56;
	objects = {

/* Begin PBXBuildFile section */
		4401E25A2A36FA66002A9D53 /* Setting.swift in Sources */ = {isa = PBXBuildFile; fileRef = 4401E2592A36FA66002A9D53 /* Setting.swift */; };
		44438A522A627ED30054F6C9 /* CollectionsData.swift in Sources */ = {isa = PBXBuildFile; fileRef = 44438A512A627ED30054F6C9 /* CollectionsData.swift */; };
		44438A542A62961D0054F6C9 /* CollectionsModel.swift in Sources */ = {isa = PBXBuildFile; fileRef = 44438A532A62961D0054F6C9 /* CollectionsModel.swift */; };
		4451D15C2A4C1C66008FEA91 /* PhotoViewController.swift in Sources */ = {isa = PBXBuildFile; fileRef = 4451D15B2A4C1C66008FEA91 /* PhotoViewController.swift */; };
		447CB59B2A370DF7005A0146 /* DataManager.swift in Sources */ = {isa = PBXBuildFile; fileRef = 447CB59A2A370DF7005A0146 /* DataManager.swift */; };
		449629442A7B6F9B00470EF1 /* MediaData.swift in Sources */ = {isa = PBXBuildFile; fileRef = 449629432A7B6F9B00470EF1 /* MediaData.swift */; };
		44F8803C2A34421F00D0CD73 /* AppDelegate.swift in Sources */ = {isa = PBXBuildFile; fileRef = 44F8803B2A34421F00D0CD73 /* AppDelegate.swift */; };
		44F8803E2A34421F00D0CD73 /* SceneDelegate.swift in Sources */ = {isa = PBXBuildFile; fileRef = 44F8803D2A34421F00D0CD73 /* SceneDelegate.swift */; };
		44F880402A34421F00D0CD73 /* GalleryViewController.swift in Sources */ = {isa = PBXBuildFile; fileRef = 44F8803F2A34421F00D0CD73 /* GalleryViewController.swift */; };
		44F880452A34422100D0CD73 /* Assets.xcassets in Resources */ = {isa = PBXBuildFile; fileRef = 44F880442A34422100D0CD73 /* Assets.xcassets */; };
		44F880482A34422100D0CD73 /* LaunchScreen.storyboard in Resources */ = {isa = PBXBuildFile; fileRef = 44F880462A34422100D0CD73 /* LaunchScreen.storyboard */; };
		44F880532A34439700D0CD73 /* ApiKey.swift in Sources */ = {isa = PBXBuildFile; fileRef = 44F880522A34439700D0CD73 /* ApiKey.swift */; };
		44F880552A3448CD00D0CD73 /* NetworkManager.swift in Sources */ = {isa = PBXBuildFile; fileRef = 44F880542A3448CD00D0CD73 /* NetworkManager.swift */; };
		44F880582A34513600D0CD73 /* PhotoModel.swift in Sources */ = {isa = PBXBuildFile; fileRef = 44F880572A34513600D0CD73 /* PhotoModel.swift */; };
		44F8805A2A34558C00D0CD73 /* PhotoData.swift in Sources */ = {isa = PBXBuildFile; fileRef = 44F880592A34558C00D0CD73 /* PhotoData.swift */; };
		44F8805C2A34621300D0CD73 /* DecodeManager.swift in Sources */ = {isa = PBXBuildFile; fileRef = 44F8805B2A34621300D0CD73 /* DecodeManager.swift */; };
		44FE66A72A384E1A002C3AAF /* PhotoCell.swift in Sources */ = {isa = PBXBuildFile; fileRef = 44FE66A62A384E1A002C3AAF /* PhotoCell.swift */; };
/* End PBXBuildFile section */

/* Begin PBXFileReference section */
		4401E2592A36FA66002A9D53 /* Setting.swift */ = {isa = PBXFileReference; lastKnownFileType = sourcecode.swift; path = Setting.swift; sourceTree = "<group>"; };
		44438A512A627ED30054F6C9 /* CollectionsData.swift */ = {isa = PBXFileReference; lastKnownFileType = sourcecode.swift; path = CollectionsData.swift; sourceTree = "<group>"; };
		44438A532A62961D0054F6C9 /* CollectionsModel.swift */ = {isa = PBXFileReference; lastKnownFileType = sourcecode.swift; path = CollectionsModel.swift; sourceTree = "<group>"; };
		4451D15B2A4C1C66008FEA91 /* PhotoViewController.swift */ = {isa = PBXFileReference; lastKnownFileType = sourcecode.swift; path = PhotoViewController.swift; sourceTree = "<group>"; };
		447CB59A2A370DF7005A0146 /* DataManager.swift */ = {isa = PBXFileReference; lastKnownFileType = sourcecode.swift; path = DataManager.swift; sourceTree = "<group>"; };
		449629432A7B6F9B00470EF1 /* MediaData.swift */ = {isa = PBXFileReference; lastKnownFileType = sourcecode.swift; path = MediaData.swift; sourceTree = "<group>"; };
		44F880382A34421F00D0CD73 /* Photo.app */ = {isa = PBXFileReference; explicitFileType = wrapper.application; includeInIndex = 0; path = Photo.app; sourceTree = BUILT_PRODUCTS_DIR; };
		44F8803B2A34421F00D0CD73 /* AppDelegate.swift */ = {isa = PBXFileReference; lastKnownFileType = sourcecode.swift; path = AppDelegate.swift; sourceTree = "<group>"; };
		44F8803D2A34421F00D0CD73 /* SceneDelegate.swift */ = {isa = PBXFileReference; lastKnownFileType = sourcecode.swift; path = SceneDelegate.swift; sourceTree = "<group>"; };
		44F8803F2A34421F00D0CD73 /* GalleryViewController.swift */ = {isa = PBXFileReference; lastKnownFileType = sourcecode.swift; path = GalleryViewController.swift; sourceTree = "<group>"; };
		44F880442A34422100D0CD73 /* Assets.xcassets */ = {isa = PBXFileReference; lastKnownFileType = folder.assetcatalog; path = Assets.xcassets; sourceTree = "<group>"; };
		44F880472A34422100D0CD73 /* Base */ = {isa = PBXFileReference; lastKnownFileType = file.storyboard; name = Base; path = Base.lproj/LaunchScreen.storyboard; sourceTree = "<group>"; };
		44F880492A34422100D0CD73 /* Info.plist */ = {isa = PBXFileReference; lastKnownFileType = text.plist.xml; path = Info.plist; sourceTree = "<group>"; };
		44F880522A34439700D0CD73 /* ApiKey.swift */ = {isa = PBXFileReference; lastKnownFileType = sourcecode.swift; path = ApiKey.swift; sourceTree = "<group>"; };
		44F880542A3448CD00D0CD73 /* NetworkManager.swift */ = {isa = PBXFileReference; fileEncoding = 4; lastKnownFileType = sourcecode.swift; path = NetworkManager.swift; sourceTree = "<group>"; };
		44F880572A34513600D0CD73 /* PhotoModel.swift */ = {isa = PBXFileReference; lastKnownFileType = sourcecode.swift; path = PhotoModel.swift; sourceTree = "<group>"; };
		44F880592A34558C00D0CD73 /* PhotoData.swift */ = {isa = PBXFileReference; lastKnownFileType = sourcecode.swift; path = PhotoData.swift; sourceTree = "<group>"; };
		44F8805B2A34621300D0CD73 /* DecodeManager.swift */ = {isa = PBXFileReference; lastKnownFileType = sourcecode.swift; path = DecodeManager.swift; sourceTree = "<group>"; };
		44FE66A62A384E1A002C3AAF /* PhotoCell.swift */ = {isa = PBXFileReference; lastKnownFileType = sourcecode.swift; path = PhotoCell.swift; sourceTree = "<group>"; };
/* End PBXFileReference section */

/* Begin PBXFrameworksBuildPhase section */
		44F880352A34421F00D0CD73 /* Frameworks */ = {
			isa = PBXFrameworksBuildPhase;
			buildActionMask = 2147483647;
			files = (
			);
			runOnlyForDeploymentPostprocessing = 0;
		};
/* End PBXFrameworksBuildPhase section */

/* Begin PBXGroup section */
		446A7FDA2A6131F8009AAC9F /* Resources */ = {
			isa = PBXGroup;
			children = (
				44F880442A34422100D0CD73 /* Assets.xcassets */,
			);
			path = Resources;
			sourceTree = "<group>";
		};
		449629462A7B90A200470EF1 /* Storyboards */ = {
			isa = PBXGroup;
			children = (
				44F880462A34422100D0CD73 /* LaunchScreen.storyboard */,
			);
			path = Storyboards;
			sourceTree = "<group>";
		};
		44F8802F2A34421F00D0CD73 = {
			isa = PBXGroup;
			children = (
				44F8803A2A34421F00D0CD73 /* Photo */,
				44F880392A34421F00D0CD73 /* Products */,
			);
			sourceTree = "<group>";
		};
		44F880392A34421F00D0CD73 /* Products */ = {
			isa = PBXGroup;
			children = (
				44F880382A34421F00D0CD73 /* Photo.app */,
			);
			name = Products;
			sourceTree = "<group>";
		};
		44F8803A2A34421F00D0CD73 /* Photo */ = {
			isa = PBXGroup;
			children = (
				44F8804F2A34428400D0CD73 /* App */,
				44F880562A344FC800D0CD73 /* Model */,
				446A7FDA2A6131F8009AAC9F /* Resources */,
				44F880512A34438000D0CD73 /* Services */,
				449629462A7B90A200470EF1 /* Storyboards */,
				44F880502A3442D700D0CD73 /* ViewControllers */,
				44FE66A52A384DE5002C3AAF /* Views */,
			);
			path = Photo;
			sourceTree = "<group>";
		};
		44F8804F2A34428400D0CD73 /* App */ = {
			isa = PBXGroup;
			children = (
				44F8803B2A34421F00D0CD73 /* AppDelegate.swift */,
				44F8803D2A34421F00D0CD73 /* SceneDelegate.swift */,
				44F880492A34422100D0CD73 /* Info.plist */,
			);
			path = App;
			sourceTree = "<group>";
		};
		44F880502A3442D700D0CD73 /* ViewControllers */ = {
			isa = PBXGroup;
			children = (
				44F8803F2A34421F00D0CD73 /* GalleryViewController.swift */,
				4451D15B2A4C1C66008FEA91 /* PhotoViewController.swift */,
			);
			path = ViewControllers;
			sourceTree = "<group>";
		};
		44F880512A34438000D0CD73 /* Services */ = {
			isa = PBXGroup;
			children = (
				44F880522A34439700D0CD73 /* ApiKey.swift */,
				447CB59A2A370DF7005A0146 /* DataManager.swift */,
				44F8805B2A34621300D0CD73 /* DecodeManager.swift */,
				44F880542A3448CD00D0CD73 /* NetworkManager.swift */,
				4401E2592A36FA66002A9D53 /* Setting.swift */,
			);
			path = Services;
			sourceTree = "<group>";
		};
		44F880562A344FC800D0CD73 /* Model */ = {
			isa = PBXGroup;
			children = (
				44438A512A627ED30054F6C9 /* CollectionsData.swift */,
				44438A532A62961D0054F6C9 /* CollectionsModel.swift */,
				449629432A7B6F9B00470EF1 /* MediaData.swift */,
				44F880592A34558C00D0CD73 /* PhotoData.swift */,
				44F880572A34513600D0CD73 /* PhotoModel.swift */,
			);
			path = Model;
			sourceTree = "<group>";
		};
		44FE66A52A384DE5002C3AAF /* Views */ = {
			isa = PBXGroup;
			children = (
				44FE66A62A384E1A002C3AAF /* PhotoCell.swift */,
			);
			path = Views;
			sourceTree = "<group>";
		};
/* End PBXGroup section */

/* Begin PBXNativeTarget section */
		44F880372A34421F00D0CD73 /* Photo */ = {
			isa = PBXNativeTarget;
			buildConfigurationList = 44F8804C2A34422100D0CD73 /* Build configuration list for PBXNativeTarget "Photo" */;
			buildPhases = (
				44F880342A34421F00D0CD73 /* Sources */,
				44F880352A34421F00D0CD73 /* Frameworks */,
				44F880362A34421F00D0CD73 /* Resources */,
			);
			buildRules = (
			);
			dependencies = (
			);
			name = Photo;
			productName = Photo;
			productReference = 44F880382A34421F00D0CD73 /* Photo.app */;
			productType = "com.apple.product-type.application";
		};
/* End PBXNativeTarget section */

/* Begin PBXProject section */
		44F880302A34421F00D0CD73 /* Project object */ = {
			isa = PBXProject;
			attributes = {
				BuildIndependentTargetsInParallel = 1;
				LastSwiftUpdateCheck = 1430;
				LastUpgradeCheck = 1430;
				TargetAttributes = {
					44F880372A34421F00D0CD73 = {
						CreatedOnToolsVersion = 14.3.1;
					};
				};
			};
			buildConfigurationList = 44F880332A34421F00D0CD73 /* Build configuration list for PBXProject "Photo" */;
			compatibilityVersion = "Xcode 14.0";
			developmentRegion = en;
			hasScannedForEncodings = 0;
			knownRegions = (
				en,
				Base,
			);
			mainGroup = 44F8802F2A34421F00D0CD73;
			productRefGroup = 44F880392A34421F00D0CD73 /* Products */;
			projectDirPath = "";
			projectRoot = "";
			targets = (
				44F880372A34421F00D0CD73 /* Photo */,
			);
		};
/* End PBXProject section */

/* Begin PBXResourcesBuildPhase section */
		44F880362A34421F00D0CD73 /* Resources */ = {
			isa = PBXResourcesBuildPhase;
			buildActionMask = 2147483647;
			files = (
				44F880482A34422100D0CD73 /* LaunchScreen.storyboard in Resources */,
				44F880452A34422100D0CD73 /* Assets.xcassets in Resources */,
			);
			runOnlyForDeploymentPostprocessing = 0;
		};
/* End PBXResourcesBuildPhase section */

/* Begin PBXSourcesBuildPhase section */
		44F880342A34421F00D0CD73 /* Sources */ = {
			isa = PBXSourcesBuildPhase;
			buildActionMask = 2147483647;
			files = (
				44F880582A34513600D0CD73 /* PhotoModel.swift in Sources */,
				449629442A7B6F9B00470EF1 /* MediaData.swift in Sources */,
				44F880402A34421F00D0CD73 /* GalleryViewController.swift in Sources */,
				44F8803C2A34421F00D0CD73 /* AppDelegate.swift in Sources */,
				44F8805A2A34558C00D0CD73 /* PhotoData.swift in Sources */,
				44F880552A3448CD00D0CD73 /* NetworkManager.swift in Sources */,
				44438A542A62961D0054F6C9 /* CollectionsModel.swift in Sources */,
				4451D15C2A4C1C66008FEA91 /* PhotoViewController.swift in Sources */,
				44F8805C2A34621300D0CD73 /* DecodeManager.swift in Sources */,
				44F880532A34439700D0CD73 /* ApiKey.swift in Sources */,
				447CB59B2A370DF7005A0146 /* DataManager.swift in Sources */,
				44438A522A627ED30054F6C9 /* CollectionsData.swift in Sources */,
				44F8803E2A34421F00D0CD73 /* SceneDelegate.swift in Sources */,
				44FE66A72A384E1A002C3AAF /* PhotoCell.swift in Sources */,
				4401E25A2A36FA66002A9D53 /* Setting.swift in Sources */,
			);
			runOnlyForDeploymentPostprocessing = 0;
		};
/* End PBXSourcesBuildPhase section */

/* Begin PBXVariantGroup section */
		44F880462A34422100D0CD73 /* LaunchScreen.storyboard */ = {
			isa = PBXVariantGroup;
			children = (
				44F880472A34422100D0CD73 /* Base */,
			);
			name = LaunchScreen.storyboard;
			sourceTree = "<group>";
		};
/* End PBXVariantGroup section */

/* Begin XCBuildConfiguration section */
		44F8804A2A34422100D0CD73 /* Debug */ = {
			isa = XCBuildConfiguration;
			buildSettings = {
				ALWAYS_SEARCH_USER_PATHS = NO;
				CLANG_ANALYZER_NONNULL = YES;
				CLANG_ANALYZER_NUMBER_OBJECT_CONVERSION = YES_AGGRESSIVE;
				CLANG_CXX_LANGUAGE_STANDARD = "gnu++20";
				CLANG_ENABLE_MODULES = YES;
				CLANG_ENABLE_OBJC_ARC = YES;
				CLANG_ENABLE_OBJC_WEAK = YES;
				CLANG_WARN_BLOCK_CAPTURE_AUTORELEASING = YES;
				CLANG_WARN_BOOL_CONVERSION = YES;
				CLANG_WARN_COMMA = YES;
				CLANG_WARN_CONSTANT_CONVERSION = YES;
				CLANG_WARN_DEPRECATED_OBJC_IMPLEMENTATIONS = YES;
				CLANG_WARN_DIRECT_OBJC_ISA_USAGE = YES_ERROR;
				CLANG_WARN_DOCUMENTATION_COMMENTS = YES;
				CLANG_WARN_EMPTY_BODY = YES;
				CLANG_WARN_ENUM_CONVERSION = YES;
				CLANG_WARN_INFINITE_RECURSION = YES;
				CLANG_WARN_INT_CONVERSION = YES;
				CLANG_WARN_NON_LITERAL_NULL_CONVERSION = YES;
				CLANG_WARN_OBJC_IMPLICIT_RETAIN_SELF = YES;
				CLANG_WARN_OBJC_LITERAL_CONVERSION = YES;
				CLANG_WARN_OBJC_ROOT_CLASS = YES_ERROR;
				CLANG_WARN_QUOTED_INCLUDE_IN_FRAMEWORK_HEADER = YES;
				CLANG_WARN_RANGE_LOOP_ANALYSIS = YES;
				CLANG_WARN_STRICT_PROTOTYPES = YES;
				CLANG_WARN_SUSPICIOUS_MOVE = YES;
				CLANG_WARN_UNGUARDED_AVAILABILITY = YES_AGGRESSIVE;
				CLANG_WARN_UNREACHABLE_CODE = YES;
				CLANG_WARN__DUPLICATE_METHOD_MATCH = YES;
				COPY_PHASE_STRIP = NO;
				DEBUG_INFORMATION_FORMAT = dwarf;
				ENABLE_STRICT_OBJC_MSGSEND = YES;
				ENABLE_TESTABILITY = YES;
				GCC_C_LANGUAGE_STANDARD = gnu11;
				GCC_DYNAMIC_NO_PIC = NO;
				GCC_NO_COMMON_BLOCKS = YES;
				GCC_OPTIMIZATION_LEVEL = 0;
				GCC_PREPROCESSOR_DEFINITIONS = (
					"DEBUG=1",
					"$(inherited)",
				);
				GCC_WARN_64_TO_32_BIT_CONVERSION = YES;
				GCC_WARN_ABOUT_RETURN_TYPE = YES_ERROR;
				GCC_WARN_UNDECLARED_SELECTOR = YES;
				GCC_WARN_UNINITIALIZED_AUTOS = YES_AGGRESSIVE;
				GCC_WARN_UNUSED_FUNCTION = YES;
				GCC_WARN_UNUSED_VARIABLE = YES;
				IPHONEOS_DEPLOYMENT_TARGET = 16.4;
				MTL_ENABLE_DEBUG_INFO = INCLUDE_SOURCE;
				MTL_FAST_MATH = YES;
				ONLY_ACTIVE_ARCH = YES;
				SDKROOT = iphoneos;
				SWIFT_ACTIVE_COMPILATION_CONDITIONS = DEBUG;
				SWIFT_OPTIMIZATION_LEVEL = "-Onone";
			};
			name = Debug;
		};
		44F8804B2A34422100D0CD73 /* Release */ = {
			isa = XCBuildConfiguration;
			buildSettings = {
				ALWAYS_SEARCH_USER_PATHS = NO;
				CLANG_ANALYZER_NONNULL = YES;
				CLANG_ANALYZER_NUMBER_OBJECT_CONVERSION = YES_AGGRESSIVE;
				CLANG_CXX_LANGUAGE_STANDARD = "gnu++20";
				CLANG_ENABLE_MODULES = YES;
				CLANG_ENABLE_OBJC_ARC = YES;
				CLANG_ENABLE_OBJC_WEAK = YES;
				CLANG_WARN_BLOCK_CAPTURE_AUTORELEASING = YES;
				CLANG_WARN_BOOL_CONVERSION = YES;
				CLANG_WARN_COMMA = YES;
				CLANG_WARN_CONSTANT_CONVERSION = YES;
				CLANG_WARN_DEPRECATED_OBJC_IMPLEMENTATIONS = YES;
				CLANG_WARN_DIRECT_OBJC_ISA_USAGE = YES_ERROR;
				CLANG_WARN_DOCUMENTATION_COMMENTS = YES;
				CLANG_WARN_EMPTY_BODY = YES;
				CLANG_WARN_ENUM_CONVERSION = YES;
				CLANG_WARN_INFINITE_RECURSION = YES;
				CLANG_WARN_INT_CONVERSION = YES;
				CLANG_WARN_NON_LITERAL_NULL_CONVERSION = YES;
				CLANG_WARN_OBJC_IMPLICIT_RETAIN_SELF = YES;
				CLANG_WARN_OBJC_LITERAL_CONVERSION = YES;
				CLANG_WARN_OBJC_ROOT_CLASS = YES_ERROR;
				CLANG_WARN_QUOTED_INCLUDE_IN_FRAMEWORK_HEADER = YES;
				CLANG_WARN_RANGE_LOOP_ANALYSIS = YES;
				CLANG_WARN_STRICT_PROTOTYPES = YES;
				CLANG_WARN_SUSPICIOUS_MOVE = YES;
				CLANG_WARN_UNGUARDED_AVAILABILITY = YES_AGGRESSIVE;
				CLANG_WARN_UNREACHABLE_CODE = YES;
				CLANG_WARN__DUPLICATE_METHOD_MATCH = YES;
				COPY_PHASE_STRIP = NO;
				DEBUG_INFORMATION_FORMAT = "dwarf-with-dsym";
				ENABLE_NS_ASSERTIONS = NO;
				ENABLE_STRICT_OBJC_MSGSEND = YES;
				GCC_C_LANGUAGE_STANDARD = gnu11;
				GCC_NO_COMMON_BLOCKS = YES;
				GCC_WARN_64_TO_32_BIT_CONVERSION = YES;
				GCC_WARN_ABOUT_RETURN_TYPE = YES_ERROR;
				GCC_WARN_UNDECLARED_SELECTOR = YES;
				GCC_WARN_UNINITIALIZED_AUTOS = YES_AGGRESSIVE;
				GCC_WARN_UNUSED_FUNCTION = YES;
				GCC_WARN_UNUSED_VARIABLE = YES;
				IPHONEOS_DEPLOYMENT_TARGET = 16.4;
				MTL_ENABLE_DEBUG_INFO = NO;
				MTL_FAST_MATH = YES;
				SDKROOT = iphoneos;
				SWIFT_COMPILATION_MODE = wholemodule;
				SWIFT_OPTIMIZATION_LEVEL = "-O";
				VALIDATE_PRODUCT = YES;
			};
			name = Release;
		};
		44F8804D2A34422100D0CD73 /* Debug */ = {
			isa = XCBuildConfiguration;
			buildSettings = {
				ASSETCATALOG_COMPILER_APPICON_NAME = AppIcon;
				ASSETCATALOG_COMPILER_GLOBAL_ACCENT_COLOR_NAME = AccentColor;
				CODE_SIGN_STYLE = Automatic;
				CURRENT_PROJECT_VERSION = 1;
				DEVELOPMENT_TEAM = F5JRYMNHVM;
				GENERATE_INFOPLIST_FILE = YES;
				INFOPLIST_FILE = Photo/App/Info.plist;
				INFOPLIST_KEY_UIApplicationSupportsIndirectInputEvents = YES;
				INFOPLIST_KEY_UILaunchStoryboardName = LaunchScreen;
				INFOPLIST_KEY_UISupportedInterfaceOrientations = UIInterfaceOrientationPortrait;
				IPHONEOS_DEPLOYMENT_TARGET = 16.0;
				LD_RUNPATH_SEARCH_PATHS = (
					"$(inherited)",
					"@executable_path/Frameworks",
				);
				MARKETING_VERSION = 1.0;
				PRODUCT_BUNDLE_IDENTIFIER = com.zgainer.Photo;
				PRODUCT_NAME = "$(TARGET_NAME)";
				SUPPORTED_PLATFORMS = "iphoneos iphonesimulator";
				SUPPORTS_MACCATALYST = NO;
				SUPPORTS_MAC_DESIGNED_FOR_IPHONE_IPAD = NO;
				SWIFT_EMIT_LOC_STRINGS = YES;
				SWIFT_VERSION = 5.0;
				TARGETED_DEVICE_FAMILY = "1,2";
			};
			name = Debug;
		};
		44F8804E2A34422100D0CD73 /* Release */ = {
			isa = XCBuildConfiguration;
			buildSettings = {
				ASSETCATALOG_COMPILER_APPICON_NAME = AppIcon;
				ASSETCATALOG_COMPILER_GLOBAL_ACCENT_COLOR_NAME = AccentColor;
				CODE_SIGN_STYLE = Automatic;
				CURRENT_PROJECT_VERSION = 1;
				DEVELOPMENT_TEAM = F5JRYMNHVM;
				GENERATE_INFOPLIST_FILE = YES;
				INFOPLIST_FILE = Photo/App/Info.plist;
				INFOPLIST_KEY_UIApplicationSupportsIndirectInputEvents = YES;
				INFOPLIST_KEY_UILaunchStoryboardName = LaunchScreen;
				INFOPLIST_KEY_UISupportedInterfaceOrientations = UIInterfaceOrientationPortrait;
				IPHONEOS_DEPLOYMENT_TARGET = 16.0;
				LD_RUNPATH_SEARCH_PATHS = (
					"$(inherited)",
					"@executable_path/Frameworks",
				);
				MARKETING_VERSION = 1.0;
				PRODUCT_BUNDLE_IDENTIFIER = com.zgainer.Photo;
				PRODUCT_NAME = "$(TARGET_NAME)";
				SUPPORTED_PLATFORMS = "iphoneos iphonesimulator";
				SUPPORTS_MACCATALYST = NO;
				SUPPORTS_MAC_DESIGNED_FOR_IPHONE_IPAD = NO;
				SWIFT_EMIT_LOC_STRINGS = YES;
				SWIFT_VERSION = 5.0;
				TARGETED_DEVICE_FAMILY = "1,2";
			};
			name = Release;
		};
/* End XCBuildConfiguration section */

/* Begin XCConfigurationList section */
		44F880332A34421F00D0CD73 /* Build configuration list for PBXProject "Photo" */ = {
			isa = XCConfigurationList;
			buildConfigurations = (
				44F8804A2A34422100D0CD73 /* Debug */,
				44F8804B2A34422100D0CD73 /* Release */,
			);
			defaultConfigurationIsVisible = 0;
			defaultConfigurationName = Release;
		};
		44F8804C2A34422100D0CD73 /* Build configuration list for PBXNativeTarget "Photo" */ = {
			isa = XCConfigurationList;
			buildConfigurations = (
				44F8804D2A34422100D0CD73 /* Debug */,
				44F8804E2A34422100D0CD73 /* Release */,
			);
			defaultConfigurationIsVisible = 0;
			defaultConfigurationName = Release;
		};
/* End XCConfigurationList section */
	};
	rootObject = 44F880302A34421F00D0CD73 /* Project object */;
}
